{
    "_readme": [
        "This file locks the dependencies of your project to a known state",
        "Read more about it at http://getcomposer.org/doc/01-basic-usage.md#composer-lock-the-lock-file",
        "This file is @generated automatically"
    ],
    "hash": "c0dc8e8b186553c0d38a1f036e6d49d4",
    "packages": [
        {
            "name": "guzzlehttp/guzzle",
            "version": "5.3.0",
            "source": {
                "type": "git",
                "url": "https://github.com/guzzle/guzzle.git",
                "reference": "f3c8c22471cb55475105c14769644a49c3262b93"
            },
            "dist": {
                "type": "zip",
                "url": "https://api.github.com/repos/guzzle/guzzle/zipball/f3c8c22471cb55475105c14769644a49c3262b93",
                "reference": "f3c8c22471cb55475105c14769644a49c3262b93",
                "shasum": ""
            },
            "require": {
                "guzzlehttp/ringphp": "^1.1",
                "php": ">=5.4.0"
            },
            "require-dev": {
                "ext-curl": "*",
                "phpunit/phpunit": "^4.0",
                "psr/log": "^1.0"
            },
            "type": "library",
            "extra": {
                "branch-alias": {
                    "dev-master": "5.0-dev"
                }
            },
            "autoload": {
                "psr-4": {
                    "GuzzleHttp\\": "src/"
                }
            },
            "notification-url": "https://packagist.org/downloads/",
            "license": [
                "MIT"
            ],
            "authors": [
                {
                    "name": "Michael Dowling",
                    "email": "mtdowling@gmail.com",
                    "homepage": "https://github.com/mtdowling"
                }
            ],
            "description": "Guzzle is a PHP HTTP client library and framework for building RESTful web service clients",
            "homepage": "http://guzzlephp.org/",
            "keywords": [
                "client",
                "curl",
                "framework",
                "http",
                "http client",
                "rest",
                "web service"
            ],
            "time": "2015-05-20 03:47:55"
        },
        {
            "name": "guzzlehttp/ringphp",
            "version": "1.1.0",
            "source": {
                "type": "git",
                "url": "https://github.com/guzzle/RingPHP.git",
                "reference": "dbbb91d7f6c191e5e405e900e3102ac7f261bc0b"
            },
            "dist": {
                "type": "zip",
                "url": "https://api.github.com/repos/guzzle/RingPHP/zipball/dbbb91d7f6c191e5e405e900e3102ac7f261bc0b",
                "reference": "dbbb91d7f6c191e5e405e900e3102ac7f261bc0b",
                "shasum": ""
            },
            "require": {
                "guzzlehttp/streams": "~3.0",
                "php": ">=5.4.0",
                "react/promise": "~2.0"
            },
            "require-dev": {
                "ext-curl": "*",
                "phpunit/phpunit": "~4.0"
            },
            "suggest": {
                "ext-curl": "Guzzle will use specific adapters if cURL is present"
            },
            "type": "library",
            "extra": {
                "branch-alias": {
                    "dev-master": "1.1-dev"
                }
            },
            "autoload": {
                "psr-4": {
                    "GuzzleHttp\\Ring\\": "src/"
                }
            },
            "notification-url": "https://packagist.org/downloads/",
            "license": [
                "MIT"
            ],
            "authors": [
                {
                    "name": "Michael Dowling",
                    "email": "mtdowling@gmail.com",
                    "homepage": "https://github.com/mtdowling"
                }
            ],
            "description": "Provides a simple API and specification that abstracts away the details of HTTP into a single PHP function.",
            "time": "2015-05-20 03:37:09"
        },
        {
            "name": "guzzlehttp/streams",
            "version": "3.0.0",
            "source": {
                "type": "git",
                "url": "https://github.com/guzzle/streams.git",
                "reference": "47aaa48e27dae43d39fc1cea0ccf0d84ac1a2ba5"
            },
            "dist": {
                "type": "zip",
                "url": "https://api.github.com/repos/guzzle/streams/zipball/47aaa48e27dae43d39fc1cea0ccf0d84ac1a2ba5",
                "reference": "47aaa48e27dae43d39fc1cea0ccf0d84ac1a2ba5",
                "shasum": ""
            },
            "require": {
                "php": ">=5.4.0"
            },
            "require-dev": {
                "phpunit/phpunit": "~4.0"
            },
            "type": "library",
            "extra": {
                "branch-alias": {
                    "dev-master": "3.0-dev"
                }
            },
            "autoload": {
                "psr-4": {
                    "GuzzleHttp\\Stream\\": "src/"
                }
            },
            "notification-url": "https://packagist.org/downloads/",
            "license": [
                "MIT"
            ],
            "authors": [
                {
                    "name": "Michael Dowling",
                    "email": "mtdowling@gmail.com",
                    "homepage": "https://github.com/mtdowling"
                }
            ],
            "description": "Provides a simple abstraction over streams of data",
            "homepage": "http://guzzlephp.org/",
            "keywords": [
                "Guzzle",
                "stream"
            ],
            "time": "2014-10-12 19:18:40"
        },
        {
            "name": "htmlawed/htmlawed",
            "version": "1.1.19",
            "source": {
                "type": "git",
                "url": "https://github.com/kesar/HTMLawed.git",
                "reference": "620c38edd57e680260ebd8dd0e98167d97e9a7bf"
            },
            "dist": {
                "type": "zip",
                "url": "https://api.github.com/repos/kesar/HTMLawed/zipball/620c38edd57e680260ebd8dd0e98167d97e9a7bf",
                "reference": "620c38edd57e680260ebd8dd0e98167d97e9a7bf",
                "shasum": ""
            },
            "require": {
                "php": ">4.4.0"
            },
            "type": "library",
            "autoload": {
                "files": [
                    "htmLawed.php"
                ]
            },
            "notification-url": "https://packagist.org/downloads/",
            "license": [
                "GPL-2.0+",
                "LGPL-3.0"
            ],
            "authors": [
                {
                    "name": "Santosh Patnaik",
                    "homepage": "http://www.bioinformatics.org/people/index.php?user_hash=558b661f92d0ff7b",
                    "role": "Developer"
                }
            ],
            "description": "htmLawed - Process text with HTML markup to make it more compliant with HTML  standards and administrative policies",
            "homepage": "http://www.bioinformatics.org/phplabware/internal_utilities/htmLawed/",
            "keywords": [
                "HTMLtidy",
                "html",
                "sanitize",
                "strip",
                "tags"
            ],
            "time": "2015-04-05 17:23:05"
        },
        {
            "name": "j0k3r/graby-site-config",
            "version": "dev-master",
            "source": {
                "type": "git",
                "url": "https://github.com/j0k3r/graby-site-config.git",
                "reference": "13b5e27c8e73580e703cdaec9c8ad3a5ade3c547"
            },
            "dist": {
                "type": "zip",
                "url": "https://api.github.com/repos/j0k3r/graby-site-config/zipball/13b5e27c8e73580e703cdaec9c8ad3a5ade3c547",
                "reference": "13b5e27c8e73580e703cdaec9c8ad3a5ade3c547",
                "shasum": ""
            },
            "type": "library",
            "notification-url": "https://packagist.org/downloads/",
            "license": [
                "AGPL-3.0"
            ],
            "authors": [
                {
                    "name": "Jeremy Benoist",
                    "email": "jeremy.benoist@gmail.com"
                }
            ],
            "description": "Graby site config files",
            "time": "2015-08-07 19:10:45"
        },
        {
            "name": "j0k3r/php-readability",
            "version": "v1.0.2",
            "source": {
                "type": "git",
                "url": "https://github.com/j0k3r/php-readability.git",
                "reference": "8667dae74b7c39eac5642fc0f41c96ae42051978"
            },
            "dist": {
                "type": "zip",
                "url": "https://api.github.com/repos/j0k3r/php-readability/zipball/8667dae74b7c39eac5642fc0f41c96ae42051978",
                "reference": "8667dae74b7c39eac5642fc0f41c96ae42051978",
                "shasum": ""
            },
            "require": {
                "ext-tidy": ">=1.2",
                "php": ">=5.3.3"
            },
            "type": "library",
            "autoload": {
                "psr-4": {
                    "Readability\\": "src/"
                }
            },
            "notification-url": "https://packagist.org/downloads/",
            "license": [
                "Apache-2.0"
            ],
            "authors": [
                {
                    "name": "Keyvan Minoukadeh",
                    "email": "keyvan@keyvan.net",
                    "homepage": "http://keyvan.net",
                    "role": "Developer (ported original JS code to PHP)"
                },
                {
                    "name": "Arc90",
                    "homepage": "http://arc90.com",
                    "role": "Developer (original JS version)"
                },
                {
                    "name": "Jeremy Benoist",
                    "email": "jeremy.benoist@gmail.com",
                    "homepage": "http://www.j0k3r.net",
                    "role": "Developer"
                },
                {
                    "name": "DitherSky",
                    "homepage": "https://github.com/Dither",
                    "role": "Developer (https://github.com/Dither/full-text-rss)"
                }
            ],
            "description": "Automatic article extraction from HTML",
            "keywords": [
                "article",
                "article extraction",
                "content",
                "content extraction",
                "extraction",
                "html"
            ],
            "time": "2015-06-11 07:39:26"
        },
        {
            "name": "monolog/monolog",
            "version": "1.15.0",
            "source": {
                "type": "git",
                "url": "https://github.com/Seldaek/monolog.git",
                "reference": "dc5150cc608f2334c72c3b6a553ec9668a4156b0"
            },
            "dist": {
                "type": "zip",
                "url": "https://api.github.com/repos/Seldaek/monolog/zipball/dc5150cc608f2334c72c3b6a553ec9668a4156b0",
                "reference": "dc5150cc608f2334c72c3b6a553ec9668a4156b0",
                "shasum": ""
            },
            "require": {
                "php": ">=5.3.0",
                "psr/log": "~1.0"
            },
            "provide": {
                "psr/log-implementation": "1.0.0"
            },
            "require-dev": {
                "aws/aws-sdk-php": "^2.4.9",
                "doctrine/couchdb": "~1.0@dev",
                "graylog2/gelf-php": "~1.0",
                "php-console/php-console": "^3.1.3",
                "phpunit/phpunit": "~4.5",
                "phpunit/phpunit-mock-objects": "2.3.0",
                "raven/raven": "~0.8",
                "ruflin/elastica": ">=0.90 <3.0",
                "swiftmailer/swiftmailer": "~5.3",
                "videlalvaro/php-amqplib": "~2.4"
            },
            "suggest": {
                "aws/aws-sdk-php": "Allow sending log messages to AWS services like DynamoDB",
                "doctrine/couchdb": "Allow sending log messages to a CouchDB server",
                "ext-amqp": "Allow sending log messages to an AMQP server (1.0+ required)",
                "ext-mongo": "Allow sending log messages to a MongoDB server",
                "graylog2/gelf-php": "Allow sending log messages to a GrayLog2 server",
                "php-console/php-console": "Allow sending log messages to Google Chrome",
                "raven/raven": "Allow sending log messages to a Sentry server",
                "rollbar/rollbar": "Allow sending log messages to Rollbar",
                "ruflin/elastica": "Allow sending log messages to an Elastic Search server",
                "videlalvaro/php-amqplib": "Allow sending log messages to an AMQP server using php-amqplib"
            },
            "type": "library",
            "extra": {
                "branch-alias": {
                    "dev-master": "1.15.x-dev"
                }
            },
            "autoload": {
                "psr-4": {
                    "Monolog\\": "src/Monolog"
                }
            },
            "notification-url": "https://packagist.org/downloads/",
            "license": [
                "MIT"
            ],
            "authors": [
                {
                    "name": "Jordi Boggiano",
                    "email": "j.boggiano@seld.be",
                    "homepage": "http://seld.be"
                }
            ],
            "description": "Sends your logs to files, sockets, inboxes, databases and various web services",
            "homepage": "http://github.com/Seldaek/monolog",
            "keywords": [
                "log",
                "logging",
                "psr-3"
            ],
            "time": "2015-07-12 13:54:09"
        },
        {
            "name": "neitanod/forceutf8",
            "version": "v1.4",
            "source": {
                "type": "git",
                "url": "https://github.com/neitanod/forceutf8.git",
                "reference": "28d50d579179abac1f6a55b03c6d9d3f6573867c"
            },
            "dist": {
                "type": "zip",
                "url": "https://api.github.com/repos/neitanod/forceutf8/zipball/28d50d579179abac1f6a55b03c6d9d3f6573867c",
                "reference": "28d50d579179abac1f6a55b03c6d9d3f6573867c",
                "shasum": ""
            },
            "require": {
                "php": ">=5.2.0"
            },
            "type": "library",
            "autoload": {
                "psr-0": {
                    "ForceUTF8\\": "src/"
                }
            },
            "notification-url": "https://packagist.org/downloads/",
            "authors": [
                {
                    "name": "Sebastián Grignoli",
                    "email": "grignoli@gmail.com"
                }
            ],
            "description": "PHP Class Encoding featuring popular Encoding::toUTF8() function --formerly known as forceUTF8()-- that fixes mixed encoded strings.",
            "homepage": "https://github.com/neitanod/forceutf8",
            "time": "2014-09-24 14:59:43"
        },
        {
            "name": "psr/log",
            "version": "1.0.0",
            "source": {
                "type": "git",
                "url": "https://github.com/php-fig/log.git",
                "reference": "fe0936ee26643249e916849d48e3a51d5f5e278b"
            },
            "dist": {
                "type": "zip",
                "url": "https://api.github.com/repos/php-fig/log/zipball/fe0936ee26643249e916849d48e3a51d5f5e278b",
                "reference": "fe0936ee26643249e916849d48e3a51d5f5e278b",
                "shasum": ""
            },
            "type": "library",
            "autoload": {
                "psr-0": {
                    "Psr\\Log\\": ""
                }
            },
            "notification-url": "https://packagist.org/downloads/",
            "license": [
                "MIT"
            ],
            "authors": [
                {
                    "name": "PHP-FIG",
                    "homepage": "http://www.php-fig.org/"
                }
            ],
            "description": "Common interface for logging libraries",
            "keywords": [
                "log",
                "psr",
                "psr-3"
            ],
            "time": "2012-12-21 11:40:51"
        },
        {
            "name": "react/promise",
            "version": "v2.2.1",
            "source": {
                "type": "git",
                "url": "https://github.com/reactphp/promise.git",
                "reference": "3b6fca09c7d56321057fa8867c8dbe1abf648627"
            },
            "dist": {
                "type": "zip",
                "url": "https://api.github.com/repos/reactphp/promise/zipball/3b6fca09c7d56321057fa8867c8dbe1abf648627",
                "reference": "3b6fca09c7d56321057fa8867c8dbe1abf648627",
                "shasum": ""
            },
            "require": {
                "php": ">=5.4.0"
            },
            "type": "library",
            "extra": {
                "branch-alias": {
                    "dev-master": "2.0-dev"
                }
            },
            "autoload": {
                "psr-4": {
                    "React\\Promise\\": "src/"
                },
                "files": [
                    "src/functions_include.php"
                ]
            },
            "notification-url": "https://packagist.org/downloads/",
            "license": [
                "MIT"
            ],
            "authors": [
                {
                    "name": "Jan Sorgalla",
                    "email": "jsorgalla@gmail.com"
                }
            ],
            "description": "A lightweight implementation of CommonJS Promises/A for PHP",
            "time": "2015-07-03 13:48:55"
        },
        {
            "name": "simplepie/simplepie",
            "version": "1.3.1",
            "source": {
                "type": "git",
                "url": "https://github.com/simplepie/simplepie.git",
                "reference": "ce53709778bc1e2e4deda1651b66e5081398d5cc"
            },
            "dist": {
                "type": "zip",
                "url": "https://api.github.com/repos/simplepie/simplepie/zipball/ce53709778bc1e2e4deda1651b66e5081398d5cc",
                "reference": "ce53709778bc1e2e4deda1651b66e5081398d5cc",
                "shasum": ""
            },
            "require": {
                "php": ">=5.2.0"
            },
            "type": "library",
            "autoload": {
                "psr-0": {
                    "SimplePie": "library"
                }
            },
            "notification-url": "https://packagist.org/downloads/",
            "license": [
                "BSD-3-Clause"
            ],
            "authors": [
                {
                    "name": "Ryan Parman",
                    "homepage": "http://ryanparman.com/",
                    "role": "Creator, alumnus developer"
                },
                {
                    "name": "Geoffrey Sneddon",
                    "homepage": "http://gsnedders.com/",
                    "role": "Alumnus developer"
                },
                {
                    "name": "Ryan McCue",
                    "email": "me@ryanmccue.info",
                    "homepage": "http://ryanmccue.info/",
                    "role": "Developer"
                }
            ],
            "description": "A simple Atom/RSS parsing library for PHP",
            "homepage": "http://simplepie.org/",
            "keywords": [
                "atom",
                "feeds",
                "rss"
            ],
            "time": "2012-10-30 17:54:03"
        },
        {
            "name": "symfony/finder",
            "version": "v2.7.3",
            "source": {
                "type": "git",
                "url": "https://github.com/symfony/Finder.git",
                "reference": "ae0f363277485094edc04c9f3cbe595b183b78e4"
            },
            "dist": {
                "type": "zip",
                "url": "https://api.github.com/repos/symfony/Finder/zipball/ae0f363277485094edc04c9f3cbe595b183b78e4",
                "reference": "ae0f363277485094edc04c9f3cbe595b183b78e4",
                "shasum": ""
            },
            "require": {
                "php": ">=5.3.9"
            },
            "require-dev": {
                "symfony/phpunit-bridge": "~2.7"
            },
            "type": "library",
            "extra": {
                "branch-alias": {
                    "dev-master": "2.7-dev"
                }
            },
            "autoload": {
                "psr-4": {
                    "Symfony\\Component\\Finder\\": ""
                }
            },
            "notification-url": "https://packagist.org/downloads/",
            "license": [
                "MIT"
            ],
            "authors": [
                {
                    "name": "Fabien Potencier",
                    "email": "fabien@symfony.com"
                },
                {
                    "name": "Symfony Community",
                    "homepage": "https://symfony.com/contributors"
                }
            ],
            "description": "Symfony Finder Component",
            "homepage": "https://symfony.com",
            "time": "2015-07-09 16:07:40"
        },
        {
            "name": "symfony/options-resolver",
            "version": "v2.7.3",
            "source": {
                "type": "git",
                "url": "https://github.com/symfony/OptionsResolver.git",
                "reference": "98c313c831e5d99bb393ba1844df91bab2bb5b8b"
            },
            "dist": {
                "type": "zip",
                "url": "https://api.github.com/repos/symfony/OptionsResolver/zipball/98c313c831e5d99bb393ba1844df91bab2bb5b8b",
                "reference": "98c313c831e5d99bb393ba1844df91bab2bb5b8b",
                "shasum": ""
            },
            "require": {
                "php": ">=5.3.9"
            },
            "require-dev": {
                "symfony/phpunit-bridge": "~2.7"
            },
            "type": "library",
            "extra": {
                "branch-alias": {
                    "dev-master": "2.7-dev"
                }
            },
            "autoload": {
                "psr-4": {
                    "Symfony\\Component\\OptionsResolver\\": ""
                }
            },
            "notification-url": "https://packagist.org/downloads/",
            "license": [
                "MIT"
            ],
            "authors": [
                {
                    "name": "Fabien Potencier",
                    "email": "fabien@symfony.com"
                },
                {
                    "name": "Symfony Community",
                    "homepage": "https://symfony.com/contributors"
                }
            ],
            "description": "Symfony OptionsResolver Component",
            "homepage": "https://symfony.com",
            "keywords": [
                "config",
                "configuration",
                "options"
            ],
            "time": "2015-06-18 19:21:56"
        }
    ],
    "packages-dev": [],
    "aliases": [],
    "minimum-stability": "dev",
    "stability-flags": [],
    "prefer-stable": true,
    "prefer-lowest": false,
    "platform": {
        "php": ">=5.4"
    },
    "platform-dev": []
}
